
Microsoft Visual Studio Solution File, Format Version 12.00
Project("{FAE04EC0-301F-11D3-BF4B-00C04F79EFBC}") = "rpc-csharp", "rpc-csharp\rpc-csharp.csproj", "{4A5043D5-FD64-42B4-AD95-128410D586DB}"
EndProject
Project("{FAE04EC0-301F-11D3-BF4B-00C04F79EFBC}") = "rpc-csharp-test", "rpc-csharp-test\rpc-csharp-test.csproj", "{9C4AD83D-5C53-47D8-B1F4-46D1553DA18E}"
EndProject
Project("{FAE04EC0-301F-11D3-BF4B-00C04F79EFBC}") = "rpc-csharp-demo", "rpc-csharp-demo\rpc-csharp-demo.csproj", "{CC6FCE51-44B5-469E-912D-0F790870F974}"
EndProject
Global
	GlobalSection(SolutionConfigurationPlatforms) = preSolution
		Debug|Any CPU = Debug|Any CPU
		Release|Any CPU = Release|Any CPU
	EndGlobalSection
	GlobalSection(ProjectConfigurationPlatforms) = postSolution
		{4A5043D5-FD64-42B4-AD95-128410D586DB}.Debug|Any CPU.ActiveCfg = Debug|Any CPU
		{4A5043D5-FD64-42B4-AD95-128410D586DB}.Debug|Any CPU.Build.0 = Debug|Any CPU
		{4A5043D5-FD64-42B4-AD95-128410D586DB}.Release|Any CPU.ActiveCfg = Release|Any CPU
		{4A5043D5-FD64-42B4-AD95-128410D586DB}.Release|Any CPU.Build.0 = Release|Any CPU
		{9C4AD83D-5C53-47D8-B1F4-46D1553DA18E}.Debug|Any CPU.ActiveCfg = Debug|Any CPU
		{9C4AD83D-5C53-47D8-B1F4-46D1553DA18E}.Debug|Any CPU.Build.0 = Debug|Any CPU
		{9C4AD83D-5C53-47D8-B1F4-46D1553DA18E}.Release|Any CPU.ActiveCfg = Release|Any CPU
		{9C4AD83D-5C53-47D8-B1F4-46D1553DA18E}.Release|Any CPU.Build.0 = Release|Any CPU
		{CC6FCE51-44B5-469E-912D-0F790870F974}.Debug|Any CPU.ActiveCfg = Debug|Any CPU
		{CC6FCE51-44B5-469E-912D-0F790870F974}.Debug|Any CPU.Build.0 = Debug|Any CPU
		{CC6FCE51-44B5-469E-912D-0F790870F974}.Release|Any CPU.ActiveCfg = Release|Any CPU
		{CC6FCE51-44B5-469E-912D-0F790870F974}.Release|Any CPU.Build.0 = Release|Any CPU
	EndGlobalSection
EndGlobal
